
Microsoft Visual Studio Solution File, Format Version 12.00
# Visual Studio 15
Project("{FAE04EC0-301F-11D3-BF4B-00C04F79EFBC}") = "Uppgift8", "Uppgift8\Uppgift8.csproj", "{027EFC54-913F-4108-A218-879FB5748CEC}"
EndProject
Global
	GlobalSection(SolutionConfigurationPlatforms) = preSolution
		Debug|Any CPU = Debug|Any CPU
		Release|Any CPU = Release|Any CPU
	EndGlobalSection
	GlobalSection(ProjectConfigurationPlatforms) = postSolution
		{027EFC54-913F-4108-A218-879FB5748CEC}.Debug|Any CPU.ActiveCfg = Debug|Any CPU
		{027EFC54-913F-4108-A218-879FB5748CEC}.Debug|Any CPU.Build.0 = Debug|Any CPU
		{027EFC54-913F-4108-A218-879FB5748CEC}.Release|Any CPU.ActiveCfg = Release|Any CPU
		{027EFC54-913F-4108-A218-879FB5748CEC}.Release|Any CPU.Build.0 = Release|Any CPU
	EndGlobalSection
EndGlobal
